
Microsoft Visual Studio Solution File, Format Version 12.00
# Visual Studio Version 17
VisualStudioVersion = 17.8.34322.80
MinimumVisualStudioVersion = 10.0.40219.1
Project("{FAE04EC0-301F-11D3-BF4B-00C04F79EFBC}") = "RequetepasoExamen", "RequetepasoExamen\RequetepasoExamen.csproj", "{28252B20-348E-4424-A3F5-5BF0F3F29BBA}"
EndProject
Global
	GlobalSection(SolutionConfigurationPlatforms) = preSolution
		Debug|Any CPU = Debug|Any CPU
		Release|Any CPU = Release|Any CPU
	EndGlobalSection
	GlobalSection(ProjectConfigurationPlatforms) = postSolution
		{28252B20-348E-4424-A3F5-5BF0F3F29BBA}.Debug|Any CPU.ActiveCfg = Debug|Any CPU
		{28252B20-348E-4424-A3F5-5BF0F3F29BBA}.Debug|Any CPU.Build.0 = Debug|Any CPU
		{28252B20-348E-4424-A3F5-5BF0F3F29BBA}.Release|Any CPU.ActiveCfg = Release|Any CPU
		{28252B20-348E-4424-A3F5-5BF0F3F29BBA}.Release|Any CPU.Build.0 = Release|Any CPU
	EndGlobalSection
	GlobalSection(SolutionProperties) = preSolution
		HideSolutionNode = FALSE
	EndGlobalSection
	GlobalSection(ExtensibilityGlobals) = postSolution
		SolutionGuid = {CBA80FDE-EBB9-449E-8B4D-874F5FCA312E}
	EndGlobalSection
EndGlobal
