
Microsoft Visual Studio Solution File, Format Version 12.00
# Visual Studio Version 17
VisualStudioVersion = 17.7.34031.279
MinimumVisualStudioVersion = 10.0.40219.1
Project("{FAE04EC0-301F-11D3-BF4B-00C04F79EFBC}") = "HerenciaAcceso", "HerenciaAcceso\HerenciaAcceso.csproj", "{0C692350-337A-4BD5-B3DB-EA585807D49A}"
EndProject
Global
	GlobalSection(SolutionConfigurationPlatforms) = preSolution
		Debug|Any CPU = Debug|Any CPU
		Release|Any CPU = Release|Any CPU
	EndGlobalSection
	GlobalSection(ProjectConfigurationPlatforms) = postSolution
		{0C692350-337A-4BD5-B3DB-EA585807D49A}.Debug|Any CPU.ActiveCfg = Debug|Any CPU
		{0C692350-337A-4BD5-B3DB-EA585807D49A}.Debug|Any CPU.Build.0 = Debug|Any CPU
		{0C692350-337A-4BD5-B3DB-EA585807D49A}.Release|Any CPU.ActiveCfg = Release|Any CPU
		{0C692350-337A-4BD5-B3DB-EA585807D49A}.Release|Any CPU.Build.0 = Release|Any CPU
	EndGlobalSection
	GlobalSection(SolutionProperties) = preSolution
		HideSolutionNode = FALSE
	EndGlobalSection
	GlobalSection(ExtensibilityGlobals) = postSolution
		SolutionGuid = {77A31BE6-EBE6-4A48-820F-0AF9D8F1D599}
	EndGlobalSection
EndGlobal
