
Microsoft Visual Studio Solution File, Format Version 12.00
# Visual Studio Version 17
VisualStudioVersion = 17.7.34031.279
MinimumVisualStudioVersion = 10.0.40219.1
Project("{FAE04EC0-301F-11D3-BF4B-00C04F79EFBC}") = "LINQ", "LINQ\LINQ.csproj", "{E114D725-0960-42B8-AED0-962E4188D097}"
EndProject
Global
	GlobalSection(SolutionConfigurationPlatforms) = preSolution
		Debug|Any CPU = Debug|Any CPU
		Release|Any CPU = Release|Any CPU
	EndGlobalSection
	GlobalSection(ProjectConfigurationPlatforms) = postSolution
		{E114D725-0960-42B8-AED0-962E4188D097}.Debug|Any CPU.ActiveCfg = Debug|Any CPU
		{E114D725-0960-42B8-AED0-962E4188D097}.Debug|Any CPU.Build.0 = Debug|Any CPU
		{E114D725-0960-42B8-AED0-962E4188D097}.Release|Any CPU.ActiveCfg = Release|Any CPU
		{E114D725-0960-42B8-AED0-962E4188D097}.Release|Any CPU.Build.0 = Release|Any CPU
	EndGlobalSection
	GlobalSection(SolutionProperties) = preSolution
		HideSolutionNode = FALSE
	EndGlobalSection
	GlobalSection(ExtensibilityGlobals) = postSolution
		SolutionGuid = {C6709ECD-F9B2-4C29-9CA1-8274A6D74D11}
	EndGlobalSection
EndGlobal
