
Microsoft Visual Studio Solution File, Format Version 12.00
# Visual Studio Version 17
VisualStudioVersion = 17.7.34031.279
MinimumVisualStudioVersion = 10.0.40219.1
Project("{9A19103F-16F7-4668-BE54-9A1E7A4F7556}") = "T2_E6_b", "T2_E6_b\T2_E6_b.csproj", "{CC0ABA6F-CF85-44E9-A9F5-2EAB2A06D276}"
EndProject
Project("{FAE04EC0-301F-11D3-BF4B-00C04F79EFBC}") = "Ejercicio2", "Ejercicio2\Ejercicio2.csproj", "{7B48FD2E-CE08-46DA-9E2B-F050BD0D6D28}"
EndProject
Global
	GlobalSection(SolutionConfigurationPlatforms) = preSolution
		Debug|Any CPU = Debug|Any CPU
		Release|Any CPU = Release|Any CPU
	EndGlobalSection
	GlobalSection(ProjectConfigurationPlatforms) = postSolution
		{CC0ABA6F-CF85-44E9-A9F5-2EAB2A06D276}.Debug|Any CPU.ActiveCfg = Debug|Any CPU
		{CC0ABA6F-CF85-44E9-A9F5-2EAB2A06D276}.Debug|Any CPU.Build.0 = Debug|Any CPU
		{CC0ABA6F-CF85-44E9-A9F5-2EAB2A06D276}.Release|Any CPU.ActiveCfg = Release|Any CPU
		{CC0ABA6F-CF85-44E9-A9F5-2EAB2A06D276}.Release|Any CPU.Build.0 = Release|Any CPU
		{7B48FD2E-CE08-46DA-9E2B-F050BD0D6D28}.Debug|Any CPU.ActiveCfg = Debug|Any CPU
		{7B48FD2E-CE08-46DA-9E2B-F050BD0D6D28}.Debug|Any CPU.Build.0 = Debug|Any CPU
		{7B48FD2E-CE08-46DA-9E2B-F050BD0D6D28}.Release|Any CPU.ActiveCfg = Release|Any CPU
		{7B48FD2E-CE08-46DA-9E2B-F050BD0D6D28}.Release|Any CPU.Build.0 = Release|Any CPU
	EndGlobalSection
	GlobalSection(SolutionProperties) = preSolution
		HideSolutionNode = FALSE
	EndGlobalSection
	GlobalSection(ExtensibilityGlobals) = postSolution
		SolutionGuid = {23C62386-4682-4505-8D97-A268925B2EC2}
	EndGlobalSection
EndGlobal
