
Microsoft Visual Studio Solution File, Format Version 12.00
# Visual Studio Version 17
VisualStudioVersion = 17.8.34322.80
MinimumVisualStudioVersion = 10.0.40219.1
Project("{FAE04EC0-301F-11D3-BF4B-00C04F79EFBC}") = "RepasoBBDD", "RepasoBBDD\RepasoBBDD.csproj", "{93B36E68-5722-4342-A70B-4206E14816F4}"
EndProject
Global
	GlobalSection(SolutionConfigurationPlatforms) = preSolution
		Debug|Any CPU = Debug|Any CPU
		Release|Any CPU = Release|Any CPU
	EndGlobalSection
	GlobalSection(ProjectConfigurationPlatforms) = postSolution
		{93B36E68-5722-4342-A70B-4206E14816F4}.Debug|Any CPU.ActiveCfg = Debug|Any CPU
		{93B36E68-5722-4342-A70B-4206E14816F4}.Debug|Any CPU.Build.0 = Debug|Any CPU
		{93B36E68-5722-4342-A70B-4206E14816F4}.Release|Any CPU.ActiveCfg = Release|Any CPU
		{93B36E68-5722-4342-A70B-4206E14816F4}.Release|Any CPU.Build.0 = Release|Any CPU
	EndGlobalSection
	GlobalSection(SolutionProperties) = preSolution
		HideSolutionNode = FALSE
	EndGlobalSection
	GlobalSection(ExtensibilityGlobals) = postSolution
		SolutionGuid = {584144FA-3359-4DFB-918C-3A093FA0E6BD}
	EndGlobalSection
EndGlobal
