
Microsoft Visual Studio Solution File, Format Version 12.00
# Visual Studio Version 17
VisualStudioVersion = 17.8.34322.80
MinimumVisualStudioVersion = 10.0.40219.1
Project("{FAE04EC0-301F-11D3-BF4B-00C04F79EFBC}") = "RepasoSerializ", "RepasoSerializ\RepasoSerializ.csproj", "{57C921B0-35DA-45E8-A0C1-33E99150A5B1}"
EndProject
Global
	GlobalSection(SolutionConfigurationPlatforms) = preSolution
		Debug|Any CPU = Debug|Any CPU
		Release|Any CPU = Release|Any CPU
	EndGlobalSection
	GlobalSection(ProjectConfigurationPlatforms) = postSolution
		{57C921B0-35DA-45E8-A0C1-33E99150A5B1}.Debug|Any CPU.ActiveCfg = Debug|Any CPU
		{57C921B0-35DA-45E8-A0C1-33E99150A5B1}.Debug|Any CPU.Build.0 = Debug|Any CPU
		{57C921B0-35DA-45E8-A0C1-33E99150A5B1}.Release|Any CPU.ActiveCfg = Release|Any CPU
		{57C921B0-35DA-45E8-A0C1-33E99150A5B1}.Release|Any CPU.Build.0 = Release|Any CPU
	EndGlobalSection
	GlobalSection(SolutionProperties) = preSolution
		HideSolutionNode = FALSE
	EndGlobalSection
	GlobalSection(ExtensibilityGlobals) = postSolution
		SolutionGuid = {709A2870-CD35-49B4-A81A-B0C061F084B3}
	EndGlobalSection
EndGlobal
