
Microsoft Visual Studio Solution File, Format Version 12.00
# Visual Studio Version 17
VisualStudioVersion = 17.7.34031.279
MinimumVisualStudioVersion = 10.0.40219.1
Project("{FAE04EC0-301F-11D3-BF4B-00C04F79EFBC}") = "Ej1", "JoseJoaquinGarciPenaExamen\Ej1.csproj", "{88B4E03B-E587-4AB0-BC1E-91DA48E8A81F}"
EndProject
Project("{FAE04EC0-301F-11D3-BF4B-00C04F79EFBC}") = "Ej2", "Ej2\Ej2.csproj", "{FDA3E513-DF04-4585-97AF-F9DC10AC3A70}"
EndProject
Global
	GlobalSection(SolutionConfigurationPlatforms) = preSolution
		Debug|Any CPU = Debug|Any CPU
		Release|Any CPU = Release|Any CPU
	EndGlobalSection
	GlobalSection(ProjectConfigurationPlatforms) = postSolution
		{88B4E03B-E587-4AB0-BC1E-91DA48E8A81F}.Debug|Any CPU.ActiveCfg = Debug|Any CPU
		{88B4E03B-E587-4AB0-BC1E-91DA48E8A81F}.Debug|Any CPU.Build.0 = Debug|Any CPU
		{88B4E03B-E587-4AB0-BC1E-91DA48E8A81F}.Release|Any CPU.ActiveCfg = Release|Any CPU
		{88B4E03B-E587-4AB0-BC1E-91DA48E8A81F}.Release|Any CPU.Build.0 = Release|Any CPU
		{FDA3E513-DF04-4585-97AF-F9DC10AC3A70}.Debug|Any CPU.ActiveCfg = Debug|Any CPU
		{FDA3E513-DF04-4585-97AF-F9DC10AC3A70}.Debug|Any CPU.Build.0 = Debug|Any CPU
		{FDA3E513-DF04-4585-97AF-F9DC10AC3A70}.Release|Any CPU.ActiveCfg = Release|Any CPU
		{FDA3E513-DF04-4585-97AF-F9DC10AC3A70}.Release|Any CPU.Build.0 = Release|Any CPU
	EndGlobalSection
	GlobalSection(SolutionProperties) = preSolution
		HideSolutionNode = FALSE
	EndGlobalSection
	GlobalSection(ExtensibilityGlobals) = postSolution
		SolutionGuid = {3F5870CC-FDB6-47FE-893B-01F50478C73E}
	EndGlobalSection
EndGlobal
