
Microsoft Visual Studio Solution File, Format Version 12.00
# Visual Studio Version 17
VisualStudioVersion = 17.8.34322.80
MinimumVisualStudioVersion = 10.0.40219.1
Project("{FAE04EC0-301F-11D3-BF4B-00C04F79EFBC}") = "Repaso", "Repaso\Repaso.csproj", "{6B73BD0B-DBE4-4A4B-9856-C0319306BE5E}"
EndProject
Global
	GlobalSection(SolutionConfigurationPlatforms) = preSolution
		Debug|Any CPU = Debug|Any CPU
		Release|Any CPU = Release|Any CPU
	EndGlobalSection
	GlobalSection(ProjectConfigurationPlatforms) = postSolution
		{6B73BD0B-DBE4-4A4B-9856-C0319306BE5E}.Debug|Any CPU.ActiveCfg = Debug|Any CPU
		{6B73BD0B-DBE4-4A4B-9856-C0319306BE5E}.Debug|Any CPU.Build.0 = Debug|Any CPU
		{6B73BD0B-DBE4-4A4B-9856-C0319306BE5E}.Release|Any CPU.ActiveCfg = Release|Any CPU
		{6B73BD0B-DBE4-4A4B-9856-C0319306BE5E}.Release|Any CPU.Build.0 = Release|Any CPU
	EndGlobalSection
	GlobalSection(SolutionProperties) = preSolution
		HideSolutionNode = FALSE
	EndGlobalSection
	GlobalSection(ExtensibilityGlobals) = postSolution
		SolutionGuid = {523E1464-07E8-4BAE-BB56-F881BF1A29F4}
	EndGlobalSection
EndGlobal
