
Microsoft Visual Studio Solution File, Format Version 12.00
# Visual Studio Version 17
VisualStudioVersion = 17.7.34031.279
MinimumVisualStudioVersion = 10.0.40219.1
Project("{9A19103F-16F7-4668-BE54-9A1E7A4F7556}") = "PilasColas1", "PilasColas1\PilasColas1.csproj", "{858929BB-530A-45E0-A12B-D82B77538051}"
EndProject
Project("{FAE04EC0-301F-11D3-BF4B-00C04F79EFBC}") = "PilasColas1Tests", "PilasColas1Tests\PilasColas1Tests.csproj", "{F365A4F3-F07D-4FE5-AD67-EA8BDB515449}"
EndProject
Global
	GlobalSection(SolutionConfigurationPlatforms) = preSolution
		Debug|Any CPU = Debug|Any CPU
		Release|Any CPU = Release|Any CPU
	EndGlobalSection
	GlobalSection(ProjectConfigurationPlatforms) = postSolution
		{858929BB-530A-45E0-A12B-D82B77538051}.Debug|Any CPU.ActiveCfg = Debug|Any CPU
		{858929BB-530A-45E0-A12B-D82B77538051}.Debug|Any CPU.Build.0 = Debug|Any CPU
		{858929BB-530A-45E0-A12B-D82B77538051}.Release|Any CPU.ActiveCfg = Release|Any CPU
		{858929BB-530A-45E0-A12B-D82B77538051}.Release|Any CPU.Build.0 = Release|Any CPU
		{F365A4F3-F07D-4FE5-AD67-EA8BDB515449}.Debug|Any CPU.ActiveCfg = Debug|Any CPU
		{F365A4F3-F07D-4FE5-AD67-EA8BDB515449}.Debug|Any CPU.Build.0 = Debug|Any CPU
		{F365A4F3-F07D-4FE5-AD67-EA8BDB515449}.Release|Any CPU.ActiveCfg = Release|Any CPU
		{F365A4F3-F07D-4FE5-AD67-EA8BDB515449}.Release|Any CPU.Build.0 = Release|Any CPU
	EndGlobalSection
	GlobalSection(SolutionProperties) = preSolution
		HideSolutionNode = FALSE
	EndGlobalSection
	GlobalSection(ExtensibilityGlobals) = postSolution
		SolutionGuid = {2BF19126-CA0C-46F5-A9B9-EE18705177B2}
	EndGlobalSection
EndGlobal
