
Microsoft Visual Studio Solution File, Format Version 12.00
# Visual Studio Version 17
VisualStudioVersion = 17.7.34031.279
MinimumVisualStudioVersion = 10.0.40219.1
Project("{9A19103F-16F7-4668-BE54-9A1E7A4F7556}") = "Serializacion Ej", "Serializacion Ej\Serializacion Ej.csproj", "{5AC24F24-C09D-4F62-924C-2F5A0BFD9F82}"
EndProject
Project("{54435603-DBB4-11D2-8724-00A0C9A8B90C}") = "Setup1", "Setup1\Setup1.vdproj", "{9911F0FD-AA95-4DF9-85AC-8ECD59045CAE}"
EndProject
Global
	GlobalSection(SolutionConfigurationPlatforms) = preSolution
		Debug|Any CPU = Debug|Any CPU
		Release|Any CPU = Release|Any CPU
	EndGlobalSection
	GlobalSection(ProjectConfigurationPlatforms) = postSolution
		{5AC24F24-C09D-4F62-924C-2F5A0BFD9F82}.Debug|Any CPU.ActiveCfg = Debug|Any CPU
		{5AC24F24-C09D-4F62-924C-2F5A0BFD9F82}.Debug|Any CPU.Build.0 = Debug|Any CPU
		{5AC24F24-C09D-4F62-924C-2F5A0BFD9F82}.Release|Any CPU.ActiveCfg = Release|Any CPU
		{5AC24F24-C09D-4F62-924C-2F5A0BFD9F82}.Release|Any CPU.Build.0 = Release|Any CPU
		{9911F0FD-AA95-4DF9-85AC-8ECD59045CAE}.Debug|Any CPU.ActiveCfg = Debug
		{9911F0FD-AA95-4DF9-85AC-8ECD59045CAE}.Release|Any CPU.ActiveCfg = Release
	EndGlobalSection
	GlobalSection(SolutionProperties) = preSolution
		HideSolutionNode = FALSE
	EndGlobalSection
	GlobalSection(ExtensibilityGlobals) = postSolution
		SolutionGuid = {5F4E1D8A-44B8-41D9-9001-9246E0DA9853}
	EndGlobalSection
EndGlobal
