
Microsoft Visual Studio Solution File, Format Version 12.00
# Visual Studio Version 17
VisualStudioVersion = 17.7.34031.279
MinimumVisualStudioVersion = 10.0.40219.1
Project("{FAE04EC0-301F-11D3-BF4B-00C04F79EFBC}") = "ConsoleApp2", "ConsoleApp2\ConsoleApp2.csproj", "{859816B8-79DF-40ED-9267-5D9C2222DA69}"
EndProject
Project("{FAE04EC0-301F-11D3-BF4B-00C04F79EFBC}") = "Act1Primos", "ConsoleApp1\Act1Primos.csproj", "{37860933-84DE-42EB-A061-A3319F552BAE}"
EndProject
Project("{FAE04EC0-301F-11D3-BF4B-00C04F79EFBC}") = "U2Act2Ej1", "ConsoleApp3\U2Act2Ej1.csproj", "{4E3F694E-61E2-4A2B-B5A3-89AA0D874FE7}"
EndProject
Project("{FAE04EC0-301F-11D3-BF4B-00C04F79EFBC}") = "U2Act2Ej2", "U2Act2Ej2\U2Act2Ej2.csproj", "{F98279B9-4856-4BB2-8D0B-0FC65487C4D4}"
EndProject
Project("{FAE04EC0-301F-11D3-BF4B-00C04F79EFBC}") = "U2Act2Ej3", "U2Act2Ej3\U2Act2Ej3.csproj", "{57254A2E-6A0B-4FF2-8BBA-BCD72374968F}"
EndProject
Project("{FAE04EC0-301F-11D3-BF4B-00C04F79EFBC}") = "U2Act2Ej4", "ConsoleApp4\U2Act2Ej4.csproj", "{16FC8FE8-A8CC-4A87-8178-4B562319E8CC}"
EndProject
Global
	GlobalSection(SolutionConfigurationPlatforms) = preSolution
		Debug|Any CPU = Debug|Any CPU
		Release|Any CPU = Release|Any CPU
	EndGlobalSection
	GlobalSection(ProjectConfigurationPlatforms) = postSolution
		{859816B8-79DF-40ED-9267-5D9C2222DA69}.Debug|Any CPU.ActiveCfg = Debug|Any CPU
		{859816B8-79DF-40ED-9267-5D9C2222DA69}.Debug|Any CPU.Build.0 = Debug|Any CPU
		{859816B8-79DF-40ED-9267-5D9C2222DA69}.Release|Any CPU.ActiveCfg = Release|Any CPU
		{859816B8-79DF-40ED-9267-5D9C2222DA69}.Release|Any CPU.Build.0 = Release|Any CPU
		{37860933-84DE-42EB-A061-A3319F552BAE}.Debug|Any CPU.ActiveCfg = Debug|Any CPU
		{37860933-84DE-42EB-A061-A3319F552BAE}.Debug|Any CPU.Build.0 = Debug|Any CPU
		{37860933-84DE-42EB-A061-A3319F552BAE}.Release|Any CPU.ActiveCfg = Release|Any CPU
		{37860933-84DE-42EB-A061-A3319F552BAE}.Release|Any CPU.Build.0 = Release|Any CPU
		{4E3F694E-61E2-4A2B-B5A3-89AA0D874FE7}.Debug|Any CPU.ActiveCfg = Debug|Any CPU
		{4E3F694E-61E2-4A2B-B5A3-89AA0D874FE7}.Debug|Any CPU.Build.0 = Debug|Any CPU
		{4E3F694E-61E2-4A2B-B5A3-89AA0D874FE7}.Release|Any CPU.ActiveCfg = Release|Any CPU
		{4E3F694E-61E2-4A2B-B5A3-89AA0D874FE7}.Release|Any CPU.Build.0 = Release|Any CPU
		{F98279B9-4856-4BB2-8D0B-0FC65487C4D4}.Debug|Any CPU.ActiveCfg = Debug|Any CPU
		{F98279B9-4856-4BB2-8D0B-0FC65487C4D4}.Debug|Any CPU.Build.0 = Debug|Any CPU
		{F98279B9-4856-4BB2-8D0B-0FC65487C4D4}.Release|Any CPU.ActiveCfg = Release|Any CPU
		{F98279B9-4856-4BB2-8D0B-0FC65487C4D4}.Release|Any CPU.Build.0 = Release|Any CPU
		{57254A2E-6A0B-4FF2-8BBA-BCD72374968F}.Debug|Any CPU.ActiveCfg = Debug|Any CPU
		{57254A2E-6A0B-4FF2-8BBA-BCD72374968F}.Debug|Any CPU.Build.0 = Debug|Any CPU
		{57254A2E-6A0B-4FF2-8BBA-BCD72374968F}.Release|Any CPU.ActiveCfg = Release|Any CPU
		{57254A2E-6A0B-4FF2-8BBA-BCD72374968F}.Release|Any CPU.Build.0 = Release|Any CPU
		{16FC8FE8-A8CC-4A87-8178-4B562319E8CC}.Debug|Any CPU.ActiveCfg = Debug|Any CPU
		{16FC8FE8-A8CC-4A87-8178-4B562319E8CC}.Debug|Any CPU.Build.0 = Debug|Any CPU
		{16FC8FE8-A8CC-4A87-8178-4B562319E8CC}.Release|Any CPU.ActiveCfg = Release|Any CPU
		{16FC8FE8-A8CC-4A87-8178-4B562319E8CC}.Release|Any CPU.Build.0 = Release|Any CPU
	EndGlobalSection
	GlobalSection(SolutionProperties) = preSolution
		HideSolutionNode = FALSE
	EndGlobalSection
	GlobalSection(ExtensibilityGlobals) = postSolution
		SolutionGuid = {855CAE4B-C12E-41F3-8125-C66E81290B37}
	EndGlobalSection
EndGlobal
