
Microsoft Visual Studio Solution File, Format Version 12.00
# Visual Studio Version 17
VisualStudioVersion = 17.7.34031.279
MinimumVisualStudioVersion = 10.0.40219.1
Project("{FAE04EC0-301F-11D3-BF4B-00C04F79EFBC}") = "Banco", "Banco\Banco.csproj", "{C6D806E2-7D76-427D-82F6-84BD51363013}"
EndProject
Global
	GlobalSection(SolutionConfigurationPlatforms) = preSolution
		Debug|Any CPU = Debug|Any CPU
		Release|Any CPU = Release|Any CPU
	EndGlobalSection
	GlobalSection(ProjectConfigurationPlatforms) = postSolution
		{C6D806E2-7D76-427D-82F6-84BD51363013}.Debug|Any CPU.ActiveCfg = Debug|Any CPU
		{C6D806E2-7D76-427D-82F6-84BD51363013}.Debug|Any CPU.Build.0 = Debug|Any CPU
		{C6D806E2-7D76-427D-82F6-84BD51363013}.Release|Any CPU.ActiveCfg = Release|Any CPU
		{C6D806E2-7D76-427D-82F6-84BD51363013}.Release|Any CPU.Build.0 = Release|Any CPU
	EndGlobalSection
	GlobalSection(SolutionProperties) = preSolution
		HideSolutionNode = FALSE
	EndGlobalSection
	GlobalSection(ExtensibilityGlobals) = postSolution
		SolutionGuid = {DC83A8A4-B5B9-4410-8DFE-DE3272C871C4}
	EndGlobalSection
EndGlobal
