
Microsoft Visual Studio Solution File, Format Version 12.00
# Visual Studio Version 17
VisualStudioVersion = 17.8.34330.188
MinimumVisualStudioVersion = 10.0.40219.1
Project("{9A19103F-16F7-4668-BE54-9A1E7A4F7556}") = "RepasoExamenSilvia", "RepasoExamenSilvia\RepasoExamenSilvia.csproj", "{3B1B3652-8C24-4AF2-A70F-96B847A97454}"
EndProject
Project("{9A19103F-16F7-4668-BE54-9A1E7A4F7556}") = "RepasoBBDD", "RepasoBBDD\RepasoBBDD.csproj", "{7F0E352E-7FAD-494A-ABC0-B2FD1597BE5F}"
EndProject
Global
	GlobalSection(SolutionConfigurationPlatforms) = preSolution
		Debug|Any CPU = Debug|Any CPU
		Release|Any CPU = Release|Any CPU
	EndGlobalSection
	GlobalSection(ProjectConfigurationPlatforms) = postSolution
		{3B1B3652-8C24-4AF2-A70F-96B847A97454}.Debug|Any CPU.ActiveCfg = Debug|Any CPU
		{3B1B3652-8C24-4AF2-A70F-96B847A97454}.Debug|Any CPU.Build.0 = Debug|Any CPU
		{3B1B3652-8C24-4AF2-A70F-96B847A97454}.Release|Any CPU.ActiveCfg = Release|Any CPU
		{3B1B3652-8C24-4AF2-A70F-96B847A97454}.Release|Any CPU.Build.0 = Release|Any CPU
		{7F0E352E-7FAD-494A-ABC0-B2FD1597BE5F}.Debug|Any CPU.ActiveCfg = Debug|Any CPU
		{7F0E352E-7FAD-494A-ABC0-B2FD1597BE5F}.Debug|Any CPU.Build.0 = Debug|Any CPU
		{7F0E352E-7FAD-494A-ABC0-B2FD1597BE5F}.Release|Any CPU.ActiveCfg = Release|Any CPU
		{7F0E352E-7FAD-494A-ABC0-B2FD1597BE5F}.Release|Any CPU.Build.0 = Release|Any CPU
	EndGlobalSection
	GlobalSection(SolutionProperties) = preSolution
		HideSolutionNode = FALSE
	EndGlobalSection
	GlobalSection(ExtensibilityGlobals) = postSolution
		SolutionGuid = {79AE0D40-196A-4230-BD84-F9B204C1B798}
	EndGlobalSection
EndGlobal
