
Microsoft Visual Studio Solution File, Format Version 12.00
# Visual Studio Version 16
VisualStudioVersion = 16.0.31702.278
MinimumVisualStudioVersion = 10.0.40219.1
Project("{FAE04EC0-301F-11D3-BF4B-00C04F79EFBC}") = "Calculadora", "PruebaTest\Calculadora.csproj", "{5F57A590-2E12-4DEE-AD7B-64858402D28C}"
EndProject
Project("{FAE04EC0-301F-11D3-BF4B-00C04F79EFBC}") = "TestCalculadora", "TestCalculadora\TestCalculadora.csproj", "{E437C26D-2AF3-462C-967A-1990F22F8327}"
EndProject
Global
	GlobalSection(SolutionConfigurationPlatforms) = preSolution
		Debug|Any CPU = Debug|Any CPU
		Release|Any CPU = Release|Any CPU
	EndGlobalSection
	GlobalSection(ProjectConfigurationPlatforms) = postSolution
		{5F57A590-2E12-4DEE-AD7B-64858402D28C}.Debug|Any CPU.ActiveCfg = Debug|Any CPU
		{5F57A590-2E12-4DEE-AD7B-64858402D28C}.Debug|Any CPU.Build.0 = Debug|Any CPU
		{5F57A590-2E12-4DEE-AD7B-64858402D28C}.Release|Any CPU.ActiveCfg = Release|Any CPU
		{5F57A590-2E12-4DEE-AD7B-64858402D28C}.Release|Any CPU.Build.0 = Release|Any CPU
		{E437C26D-2AF3-462C-967A-1990F22F8327}.Debug|Any CPU.ActiveCfg = Debug|Any CPU
		{E437C26D-2AF3-462C-967A-1990F22F8327}.Debug|Any CPU.Build.0 = Debug|Any CPU
		{E437C26D-2AF3-462C-967A-1990F22F8327}.Release|Any CPU.ActiveCfg = Release|Any CPU
		{E437C26D-2AF3-462C-967A-1990F22F8327}.Release|Any CPU.Build.0 = Release|Any CPU
	EndGlobalSection
	GlobalSection(SolutionProperties) = preSolution
		HideSolutionNode = FALSE
	EndGlobalSection
	GlobalSection(ExtensibilityGlobals) = postSolution
		SolutionGuid = {F5B338A7-8783-486C-890E-5CD5F9D06EF1}
	EndGlobalSection
EndGlobal
