
Microsoft Visual Studio Solution File, Format Version 12.00
# Visual Studio Version 16
VisualStudioVersion = 16.0.31702.278
MinimumVisualStudioVersion = 10.0.40219.1
Project("{FAE04EC0-301F-11D3-BF4B-00C04F79EFBC}") = "Actividad5", "Actividad5\Actividad5.csproj", "{2A0E1442-D904-4072-9211-90B77022B2FE}"
EndProject
Project("{FAE04EC0-301F-11D3-BF4B-00C04F79EFBC}") = "Test1", "Test1\Test1.csproj", "{605A4795-EAC7-49D7-9BF4-6F1E56FFD977}"
EndProject
Global
	GlobalSection(SolutionConfigurationPlatforms) = preSolution
		Debug|Any CPU = Debug|Any CPU
		Release|Any CPU = Release|Any CPU
	EndGlobalSection
	GlobalSection(ProjectConfigurationPlatforms) = postSolution
		{2A0E1442-D904-4072-9211-90B77022B2FE}.Debug|Any CPU.ActiveCfg = Debug|Any CPU
		{2A0E1442-D904-4072-9211-90B77022B2FE}.Debug|Any CPU.Build.0 = Debug|Any CPU
		{2A0E1442-D904-4072-9211-90B77022B2FE}.Release|Any CPU.ActiveCfg = Release|Any CPU
		{2A0E1442-D904-4072-9211-90B77022B2FE}.Release|Any CPU.Build.0 = Release|Any CPU
		{605A4795-EAC7-49D7-9BF4-6F1E56FFD977}.Debug|Any CPU.ActiveCfg = Debug|Any CPU
		{605A4795-EAC7-49D7-9BF4-6F1E56FFD977}.Debug|Any CPU.Build.0 = Debug|Any CPU
		{605A4795-EAC7-49D7-9BF4-6F1E56FFD977}.Release|Any CPU.ActiveCfg = Release|Any CPU
		{605A4795-EAC7-49D7-9BF4-6F1E56FFD977}.Release|Any CPU.Build.0 = Release|Any CPU
	EndGlobalSection
	GlobalSection(SolutionProperties) = preSolution
		HideSolutionNode = FALSE
	EndGlobalSection
	GlobalSection(ExtensibilityGlobals) = postSolution
		SolutionGuid = {0F551922-8A61-4FD6-8153-836852F0EEF6}
	EndGlobalSection
EndGlobal
