
Microsoft Visual Studio Solution File, Format Version 12.00
# Visual Studio Version 17
VisualStudioVersion = 17.7.34031.279
MinimumVisualStudioVersion = 10.0.40219.1
Project("{FAE04EC0-301F-11D3-BF4B-00C04F79EFBC}") = "AdminIES", "AdminIES\AdminIES.csproj", "{7111C279-B41E-43C4-AAC0-19AB13D86B0E}"
EndProject
Global
	GlobalSection(SolutionConfigurationPlatforms) = preSolution
		Debug|Any CPU = Debug|Any CPU
		Release|Any CPU = Release|Any CPU
	EndGlobalSection
	GlobalSection(ProjectConfigurationPlatforms) = postSolution
		{7111C279-B41E-43C4-AAC0-19AB13D86B0E}.Debug|Any CPU.ActiveCfg = Debug|Any CPU
		{7111C279-B41E-43C4-AAC0-19AB13D86B0E}.Debug|Any CPU.Build.0 = Debug|Any CPU
		{7111C279-B41E-43C4-AAC0-19AB13D86B0E}.Release|Any CPU.ActiveCfg = Release|Any CPU
		{7111C279-B41E-43C4-AAC0-19AB13D86B0E}.Release|Any CPU.Build.0 = Release|Any CPU
	EndGlobalSection
	GlobalSection(SolutionProperties) = preSolution
		HideSolutionNode = FALSE
	EndGlobalSection
	GlobalSection(ExtensibilityGlobals) = postSolution
		SolutionGuid = {F9133F8E-E9BB-4041-9DA6-30AA129525C3}
	EndGlobalSection
EndGlobal
